
Microsoft Visual Studio Solution File, Format Version 12.00
# Visual Studio 15
VisualStudioVersion = 15.0.27703.2042
MinimumVisualStudioVersion = 10.0.40219.1
Project("{FAE04EC0-301F-11D3-BF4B-00C04F79EFBC}") = "StylesAndThemes", "StylesAndThemes\StylesAndThemes.csproj", "{F7E45F55-ADA7-4074-B27B-AA647413332B}"
EndProject
Global
	GlobalSection(SolutionConfigurationPlatforms) = preSolution
		Debug|Any CPU = Debug|Any CPU
		Release|Any CPU = Release|Any CPU
	EndGlobalSection
	GlobalSection(ProjectConfigurationPlatforms) = postSolution
		{F7E45F55-ADA7-4074-B27B-AA647413332B}.Debug|Any CPU.ActiveCfg = Debug|Any CPU
		{F7E45F55-ADA7-4074-B27B-AA647413332B}.Debug|Any CPU.Build.0 = Debug|Any CPU
		{F7E45F55-ADA7-4074-B27B-AA647413332B}.Release|Any CPU.ActiveCfg = Release|Any CPU
		{F7E45F55-ADA7-4074-B27B-AA647413332B}.Release|Any CPU.Build.0 = Release|Any CPU
	EndGlobalSection
	GlobalSection(SolutionProperties) = preSolution
		HideSolutionNode = FALSE
	EndGlobalSection
	GlobalSection(ExtensibilityGlobals) = postSolution
		SolutionGuid = {5DEC5E1E-4870-4EFB-8C9C-6F66C4202F3B}
	EndGlobalSection
EndGlobal
